
Microsoft Visual Studio Solution File, Format Version 12.00
# Visual Studio 14
VisualStudioVersion = 14.0.23107.0
MinimumVisualStudioVersion = 10.0.40219.1
Project("{FAE04EC0-301F-11D3-BF4B-00C04F79EFBC}") = "17MinApp.Business", "17MinApp.Business\17MinApp.Business.csproj", "{5DF2F732-0594-4AA2-AA82-4974F329FF48}"
EndProject
Project("{FAE04EC0-301F-11D3-BF4B-00C04F79EFBC}") = "17MinApp.Common", "17MinApp.Common\17MinApp.Common.csproj", "{A3B85925-707A-4489-9275-7D8D636C1ED5}"
EndProject
Project("{FAE04EC0-301F-11D3-BF4B-00C04F79EFBC}") = "17MinApp.Model", "17MinApp.Model\17MinApp.Model.csproj", "{8CDF2DE8-1982-4774-9F56-161BDE0E278F}"
EndProject
Project("{FAE04EC0-301F-11D3-BF4B-00C04F79EFBC}") = "17MinApp", "17MinApp\17MinApp.csproj", "{375237C8-F115-4BDC-B083-923A09B9FBBD}"
EndProject
Project("{FAE04EC0-301F-11D3-BF4B-00C04F79EFBC}") = "17MinApp.Tests", "17MinApp.Tests\17MinApp.Tests.csproj", "{BBE22C36-594C-446B-A3CE-417E6EED2584}"
EndProject
Global
	GlobalSection(SolutionConfigurationPlatforms) = preSolution
		Debug|Any CPU = Debug|Any CPU
		Release|Any CPU = Release|Any CPU
	EndGlobalSection
	GlobalSection(ProjectConfigurationPlatforms) = postSolution
		{5DF2F732-0594-4AA2-AA82-4974F329FF48}.Debug|Any CPU.ActiveCfg = Debug|Any CPU
		{5DF2F732-0594-4AA2-AA82-4974F329FF48}.Debug|Any CPU.Build.0 = Debug|Any CPU
		{5DF2F732-0594-4AA2-AA82-4974F329FF48}.Release|Any CPU.ActiveCfg = Release|Any CPU
		{5DF2F732-0594-4AA2-AA82-4974F329FF48}.Release|Any CPU.Build.0 = Release|Any CPU
		{A3B85925-707A-4489-9275-7D8D636C1ED5}.Debug|Any CPU.ActiveCfg = Debug|Any CPU
		{A3B85925-707A-4489-9275-7D8D636C1ED5}.Debug|Any CPU.Build.0 = Debug|Any CPU
		{A3B85925-707A-4489-9275-7D8D636C1ED5}.Release|Any CPU.ActiveCfg = Release|Any CPU
		{A3B85925-707A-4489-9275-7D8D636C1ED5}.Release|Any CPU.Build.0 = Release|Any CPU
		{8CDF2DE8-1982-4774-9F56-161BDE0E278F}.Debug|Any CPU.ActiveCfg = Debug|Any CPU
		{8CDF2DE8-1982-4774-9F56-161BDE0E278F}.Debug|Any CPU.Build.0 = Debug|Any CPU
		{8CDF2DE8-1982-4774-9F56-161BDE0E278F}.Release|Any CPU.ActiveCfg = Release|Any CPU
		{8CDF2DE8-1982-4774-9F56-161BDE0E278F}.Release|Any CPU.Build.0 = Release|Any CPU
		{375237C8-F115-4BDC-B083-923A09B9FBBD}.Debug|Any CPU.ActiveCfg = Debug|Any CPU
		{375237C8-F115-4BDC-B083-923A09B9FBBD}.Debug|Any CPU.Build.0 = Debug|Any CPU
		{375237C8-F115-4BDC-B083-923A09B9FBBD}.Release|Any CPU.ActiveCfg = Release|Any CPU
		{375237C8-F115-4BDC-B083-923A09B9FBBD}.Release|Any CPU.Build.0 = Release|Any CPU
		{BBE22C36-594C-446B-A3CE-417E6EED2584}.Debug|Any CPU.ActiveCfg = Debug|Any CPU
		{BBE22C36-594C-446B-A3CE-417E6EED2584}.Debug|Any CPU.Build.0 = Debug|Any CPU
		{BBE22C36-594C-446B-A3CE-417E6EED2584}.Release|Any CPU.ActiveCfg = Release|Any CPU
		{BBE22C36-594C-446B-A3CE-417E6EED2584}.Release|Any CPU.Build.0 = Release|Any CPU
	EndGlobalSection
	GlobalSection(SolutionProperties) = preSolution
		HideSolutionNode = FALSE
	EndGlobalSection
EndGlobal
